
Microsoft Visual Studio Solution File, Format Version 12.00
# Visual Studio Version 17
VisualStudioVersion = 17.11.35208.52
MinimumVisualStudioVersion = 10.0.40219.1
Project("{FAE04EC0-301F-11D3-BF4B-00C04F79EFBC}") = "QuanLyKho", "QuanLyKho\QuanLyKho.csproj", "{72A1DE77-868A-4910-A47A-12731A7A65F2}"
EndProject
Project("{2150E333-8FDC-42A3-9474-1A3956D46DE8}") = "Solution Items", "Solution Items", "{4F428CCB-1BAC-456E-9234-4F5310055E46}"
	ProjectSection(SolutionItems) = preProject
		.gitignore = .gitignore
	EndProjectSection
EndProject
Global
	GlobalSection(SolutionConfigurationPlatforms) = preSolution
		Debug|Any CPU = Debug|Any CPU
		Release|Any CPU = Release|Any CPU
	EndGlobalSection
	GlobalSection(ProjectConfigurationPlatforms) = postSolution
		{72A1DE77-868A-4910-A47A-12731A7A65F2}.Debug|Any CPU.ActiveCfg = Debug|Any CPU
		{72A1DE77-868A-4910-A47A-12731A7A65F2}.Debug|Any CPU.Build.0 = Debug|Any CPU
		{72A1DE77-868A-4910-A47A-12731A7A65F2}.Release|Any CPU.ActiveCfg = Release|Any CPU
		{72A1DE77-868A-4910-A47A-12731A7A65F2}.Release|Any CPU.Build.0 = Release|Any CPU
	EndGlobalSection
	GlobalSection(SolutionProperties) = preSolution
		HideSolutionNode = FALSE
	EndGlobalSection
	GlobalSection(ExtensibilityGlobals) = postSolution
		SolutionGuid = {B98B8CDA-E40E-4E2C-9AA8-8F1C0831AAA5}
	EndGlobalSection
EndGlobal
